
Microsoft Visual Studio Solution File, Format Version 12.00
# Visual Studio Version 17
VisualStudioVersion = 17.3.32929.385
MinimumVisualStudioVersion = 10.0.40219.1
Project("{9A19103F-16F7-4668-BE54-9A1E7A4F7556}") = "ToDoApi", "ToDoApi\ToDoApi.csproj", "{33B7788D-C1F4-4E89-BB1F-84121F68FD36}"
EndProject
Project("{2150E333-8FDC-42A3-9474-1A3956D46DE8}") = "src", "src", "{1A749ABE-B1F8-414D-8412-40AF00C82532}"
EndProject
Project("{2150E333-8FDC-42A3-9474-1A3956D46DE8}") = "tests", "tests", "{E12F3FA6-FCCC-4569-81C4-F95D9E2AC4FE}"
EndProject
Project("{FAE04EC0-301F-11D3-BF4B-00C04F79EFBC}") = "ToDoApiTests", "ToDoApiTests\ToDoApiTests.csproj", "{F54AF5EC-8D76-4963-B535-DA4DF2109F5F}"
EndProject
Global
	GlobalSection(SolutionConfigurationPlatforms) = preSolution
		Debug|Any CPU = Debug|Any CPU
		Release|Any CPU = Release|Any CPU
	EndGlobalSection
	GlobalSection(ProjectConfigurationPlatforms) = postSolution
		{33B7788D-C1F4-4E89-BB1F-84121F68FD36}.Debug|Any CPU.ActiveCfg = Debug|Any CPU
		{33B7788D-C1F4-4E89-BB1F-84121F68FD36}.Debug|Any CPU.Build.0 = Debug|Any CPU
		{33B7788D-C1F4-4E89-BB1F-84121F68FD36}.Release|Any CPU.ActiveCfg = Release|Any CPU
		{33B7788D-C1F4-4E89-BB1F-84121F68FD36}.Release|Any CPU.Build.0 = Release|Any CPU
		{F54AF5EC-8D76-4963-B535-DA4DF2109F5F}.Debug|Any CPU.ActiveCfg = Debug|Any CPU
		{F54AF5EC-8D76-4963-B535-DA4DF2109F5F}.Debug|Any CPU.Build.0 = Debug|Any CPU
		{F54AF5EC-8D76-4963-B535-DA4DF2109F5F}.Release|Any CPU.ActiveCfg = Release|Any CPU
		{F54AF5EC-8D76-4963-B535-DA4DF2109F5F}.Release|Any CPU.Build.0 = Release|Any CPU
	EndGlobalSection
	GlobalSection(SolutionProperties) = preSolution
		HideSolutionNode = FALSE
	EndGlobalSection
	GlobalSection(NestedProjects) = preSolution
		{33B7788D-C1F4-4E89-BB1F-84121F68FD36} = {1A749ABE-B1F8-414D-8412-40AF00C82532}
		{F54AF5EC-8D76-4963-B535-DA4DF2109F5F} = {E12F3FA6-FCCC-4569-81C4-F95D9E2AC4FE}
	EndGlobalSection
	GlobalSection(ExtensibilityGlobals) = postSolution
		SolutionGuid = {735FE7C3-CA41-49FD-8DE4-4C3E96738F05}
	EndGlobalSection
EndGlobal
